// !$*UTF8*$!
{
	archiveVersion = 1;
	classes = {
	};
	objectVersion = 50;
	objects = {

/* Begin PBXBuildFile section */
		F64131BA231EE5B900ED25F5 /* AppDelegate.swift in Sources */ = {isa = PBXBuildFile; fileRef = F64131B9231EE5B900ED25F5 /* AppDelegate.swift */; };
		F64131BC231EE5B900ED25F5 /* ViewController.swift in Sources */ = {isa = PBXBuildFile; fileRef = F64131BB231EE5B900ED25F5 /* ViewController.swift */; };
		F64131BF231EE5B900ED25F5 /* Main.storyboard in Resources */ = {isa = PBXBuildFile; fileRef = F64131BD231EE5B900ED25F5 /* Main.storyboard */; };
		F64131C2231EE5B900ED25F5 /* HW_13.xcdatamodeld in Sources */ = {isa = PBXBuildFile; fileRef = F64131C0231EE5B900ED25F5 /* HW_13.xcdatamodeld */; };
		F64131C4231EE5BA00ED25F5 /* Assets.xcassets in Resources */ = {isa = PBXBuildFile; fileRef = F64131C3231EE5BA00ED25F5 /* Assets.xcassets */; };
		F64131C7231EE5BA00ED25F5 /* LaunchScreen.storyboard in Resources */ = {isa = PBXBuildFile; fileRef = F64131C5231EE5BA00ED25F5 /* LaunchScreen.storyboard */; };
/* End PBXBuildFile section */

/* Begin PBXFileReference section */
		F64131B6231EE5B900ED25F5 /* HW_13.app */ = {isa = PBXFileReference; explicitFileType = wrapper.application; includeInIndex = 0; path = HW_13.app; sourceTree = BUILT_PRODUCTS_DIR; };
		F64131B9231EE5B900ED25F5 /* AppDelegate.swift */ = {isa = PBXFileReference; lastKnownFileType = sourcecode.swift; path = AppDelegate.swift; sourceTree = "<group>"; };
		F64131BB231EE5B900ED25F5 /* ViewController.swift */ = {isa = PBXFileReference; lastKnownFileType = sourcecode.swift; path = ViewController.swift; sourceTree = "<group>"; };
		F64131BE231EE5B900ED25F5 /* Base */ = {isa = PBXFileReference; lastKnownFileType = file.storyboard; name = Base; path = Base.lproj/Main.storyboard; sourceTree = "<group>"; };
		F64131C1231EE5B900ED25F5 /* HW_13.xcdatamodel */ = {isa = PBXFileReference; lastKnownFileType = wrapper.xcdatamodel; path = HW_13.xcdatamodel; sourceTree = "<group>"; };
		F64131C3231EE5BA00ED25F5 /* Assets.xcassets */ = {isa = PBXFileReference; lastKnownFileType = folder.assetcatalog; path = Assets.xcassets; sourceTree = "<group>"; };
		F64131C6231EE5BA00ED25F5 /* Base */ = {isa = PBXFileReference; lastKnownFileType = file.storyboard; name = Base; path = Base.lproj/LaunchScreen.storyboard; sourceTree = "<group>"; };
		F64131C8231EE5BA00ED25F5 /* Info.plist */ = {isa = PBXFileReference; lastKnownFileType = text.plist.xml; path = Info.plist; sourceTree = "<group>"; };
/* End PBXFileReference section */

/* Begin PBXFrameworksBuildPhase section */
		F64131B3231EE5B900ED25F5 /* Frameworks */ = {
			isa = PBXFrameworksBuildPhase;
			buildActionMask = 2147483647;
			files = (
			);
			runOnlyForDeploymentPostprocessing = 0;
		};
/* End PBXFrameworksBuildPhase section */

/* Begin PBXGroup section */
		F64131AD231EE5B900ED25F5 = {
			isa = PBXGroup;
			children = (
				F64131B8231EE5B900ED25F5 /* HW_13 */,
				F64131B7231EE5B900ED25F5 /* Products */,
			);
			sourceTree = "<group>";
		};
		F64131B7231EE5B900ED25F5 /* Products */ = {
			isa = PBXGroup;
			children = (
				F64131B6231EE5B900ED25F5 /* HW_13.app */,
			);
			name = Products;
			sourceTree = "<group>";
		};
		F64131B8231EE5B900ED25F5 /* HW_13 */ = {
			isa = PBXGroup;
			children = (
				F64131B9231EE5B900ED25F5 /* AppDelegate.swift */,
				F64131BB231EE5B900ED25F5 /* ViewController.swift */,
				F64131BD231EE5B900ED25F5 /* Main.storyboard */,
				F64131C3231EE5BA00ED25F5 /* Assets.xcassets */,
				F64131C5231EE5BA00ED25F5 /* LaunchScreen.storyboard */,
				F64131C8231EE5BA00ED25F5 /* Info.plist */,
				F64131C0231EE5B900ED25F5 /* HW_13.xcdatamodeld */,
			);
			path = HW_13;
			sourceTree = "<group>";
		};
/* End PBXGroup section */

/* Begin PBXNativeTarget section */
		F64131B5231EE5B900ED25F5 /* HW_13 */ = {
			isa = PBXNativeTarget;
			buildConfigurationList = F64131CB231EE5BA00ED25F5 /* Build configuration list for PBXNativeTarget "HW_13" */;
			buildPhases = (
				F64131B2231EE5B900ED25F5 /* Sources */,
				F64131B3231EE5B900ED25F5 /* Frameworks */,
				F64131B4231EE5B900ED25F5 /* Resources */,
			);
			buildRules = (
			);
			dependencies = (
			);
			name = HW_13;
			productName = HW_13;
			productReference = F64131B6231EE5B900ED25F5 /* HW_13.app */;
			productType = "com.apple.product-type.application";
		};
/* End PBXNativeTarget section */

/* Begin PBXProject section */
		F64131AE231EE5B900ED25F5 /* Project object */ = {
			isa = PBXProject;
			attributes = {
				LastSwiftUpdateCheck = 1030;
				LastUpgradeCheck = 1030;
				ORGANIZATIONNAME = "Роман Важник";
				TargetAttributes = {
					F64131B5231EE5B900ED25F5 = {
						CreatedOnToolsVersion = 10.3;
					};
				};
			};
			buildConfigurationList = F64131B1231EE5B900ED25F5 /* Build configuration list for PBXProject "HW_13" */;
			compatibilityVersion = "Xcode 9.3";
			developmentRegion = en;
			hasScannedForEncodings = 0;
			knownRegions = (
				en,
				Base,
			);
			mainGroup = F64131AD231EE5B900ED25F5;
			productRefGroup = F64131B7231EE5B900ED25F5 /* Products */;
			projectDirPath = "";
			projectRoot = "";
			targets = (
				F64131B5231EE5B900ED25F5 /* HW_13 */,
			);
		};
/* End PBXProject section */

/* Begin PBXResourcesBuildPhase section */
		F64131B4231EE5B900ED25F5 /* Resources */ = {
			isa = PBXResourcesBuildPhase;
			buildActionMask = 2147483647;
			files = (
				F64131C7231EE5BA00ED25F5 /* LaunchScreen.storyboard in Resources */,
				F64131C4231EE5BA00ED25F5 /* Assets.xcassets in Resources */,
				F64131BF231EE5B900ED25F5 /* Main.storyboard in Resources */,
			);
			runOnlyForDeploymentPostprocessing = 0;
		};
/* End PBXResourcesBuildPhase section */

/* Begin PBXSourcesBuildPhase section */
		F64131B2231EE5B900ED25F5 /* Sources */ = {
			isa = PBXSourcesBuildPhase;
			buildActionMask = 2147483647;
			files = (
				F64131BC231EE5B900ED25F5 /* ViewController.swift in Sources */,
				F64131BA231EE5B900ED25F5 /* AppDelegate.swift in Sources */,
				F64131C2231EE5B900ED25F5 /* HW_13.xcdatamodeld in Sources */,
			);
			runOnlyForDeploymentPostprocessing = 0;
		};
/* End PBXSourcesBuildPhase section */

/* Begin PBXVariantGroup section */
		F64131BD231EE5B900ED25F5 /* Main.storyboard */ = {
			isa = PBXVariantGroup;
			children = (
				F64131BE231EE5B900ED25F5 /* Base */,
			);
			name = Main.storyboard;
			sourceTree = "<group>";
		};
		F64131C5231EE5BA00ED25F5 /* LaunchScreen.storyboard */ = {
			isa = PBXVariantGroup;
			children = (
				F64131C6231EE5BA00ED25F5 /* Base */,
			);
			name = LaunchScreen.storyboard;
			sourceTree = "<group>";
		};
/* End PBXVariantGroup section */

/* Begin XCBuildConfiguration section */
		F64131C9231EE5BA00ED25F5 /* Debug */ = {
			isa = XCBuildConfiguration;
			buildSettings = {
				ALWAYS_SEARCH_USER_PATHS = NO;
				CLANG_ANALYZER_NONNULL = YES;
				CLANG_ANALYZER_NUMBER_OBJECT_CONVERSION = YES_AGGRESSIVE;
				CLANG_CXX_LANGUAGE_STANDARD = "gnu++14";
				CLANG_CXX_LIBRARY = "libc++";
				CLANG_ENABLE_MODULES = YES;
				CLANG_ENABLE_OBJC_ARC = YES;
				CLANG_ENABLE_OBJC_WEAK = YES;
				CLANG_WARN_BLOCK_CAPTURE_AUTORELEASING = YES;
				CLANG_WARN_BOOL_CONVERSION = YES;
				CLANG_WARN_COMMA = YES;
				CLANG_WARN_CONSTANT_CONVERSION = YES;
				CLANG_WARN_DEPRECATED_OBJC_IMPLEMENTATIONS = YES;
				CLANG_WARN_DIRECT_OBJC_ISA_USAGE = YES_ERROR;
				CLANG_WARN_DOCUMENTATION_COMMENTS = YES;
				CLANG_WARN_EMPTY_BODY = YES;
				CLANG_WARN_ENUM_CONVERSION = YES;
				CLANG_WARN_INFINITE_RECURSION = YES;
				CLANG_WARN_INT_CONVERSION = YES;
				CLANG_WARN_NON_LITERAL_NULL_CONVERSION = YES;
				CLANG_WARN_OBJC_IMPLICIT_RETAIN_SELF = YES;
				CLANG_WARN_OBJC_LITERAL_CONVERSION = YES;
				CLANG_WARN_OBJC_ROOT_CLASS = YES_ERROR;
				CLANG_WARN_RANGE_LOOP_ANALYSIS = YES;
				CLANG_WARN_STRICT_PROTOTYPES = YES;
				CLANG_WARN_SUSPICIOUS_MOVE = YES;
				CLANG_WARN_UNGUARDED_AVAILABILITY = YES_AGGRESSIVE;
				CLANG_WARN_UNREACHABLE_CODE = YES;
				CLANG_WARN__DUPLICATE_METHOD_MATCH = YES;
				CODE_SIGN_IDENTITY = "iPhone Developer";
				COPY_PHASE_STRIP = NO;
				DEBUG_INFORMATION_FORMAT = dwarf;
				ENABLE_STRICT_OBJC_MSGSEND = YES;
				ENABLE_TESTABILITY = YES;
				GCC_C_LANGUAGE_STANDARD = gnu11;
				GCC_DYNAMIC_NO_PIC = NO;
				GCC_NO_COMMON_BLOCKS = YES;
				GCC_OPTIMIZATION_LEVEL = 0;
				GCC_PREPROCESSOR_DEFINITIONS = (
					"DEBUG=1",
					"$(inherited)",
				);
				GCC_WARN_64_TO_32_BIT_CONVERSION = YES;
				GCC_WARN_ABOUT_RETURN_TYPE = YES_ERROR;
				GCC_WARN_UNDECLARED_SELECTOR = YES;
				GCC_WARN_UNINITIALIZED_AUTOS = YES_AGGRESSIVE;
				GCC_WARN_UNUSED_FUNCTION = YES;
				GCC_WARN_UNUSED_VARIABLE = YES;
				IPHONEOS_DEPLOYMENT_TARGET = 12.4;
				MTL_ENABLE_DEBUG_INFO = INCLUDE_SOURCE;
				MTL_FAST_MATH = YES;
				ONLY_ACTIVE_ARCH = YES;
				SDKROOT = iphoneos;
				SWIFT_ACTIVE_COMPILATION_CONDITIONS = DEBUG;
				SWIFT_OPTIMIZATION_LEVEL = "-Onone";
			};
			name = Debug;
		};
		F64131CA231EE5BA00ED25F5 /* Release */ = {
			isa = XCBuildConfiguration;
			buildSettings = {
				ALWAYS_SEARCH_USER_PATHS = NO;
				CLANG_ANALYZER_NONNULL = YES;
				CLANG_ANALYZER_NUMBER_OBJECT_CONVERSION = YES_AGGRESSIVE;
				CLANG_CXX_LANGUAGE_STANDARD = "gnu++14";
				CLANG_CXX_LIBRARY = "libc++";
				CLANG_ENABLE_MODULES = YES;
				CLANG_ENABLE_OBJC_ARC = YES;
				CLANG_ENABLE_OBJC_WEAK = YES;
				CLANG_WARN_BLOCK_CAPTURE_AUTORELEASING = YES;
				CLANG_WARN_BOOL_CONVERSION = YES;
				CLANG_WARN_COMMA = YES;
				CLANG_WARN_CONSTANT_CONVERSION = YES;
				CLANG_WARN_DEPRECATED_OBJC_IMPLEMENTATIONS = YES;
				CLANG_WARN_DIRECT_OBJC_ISA_USAGE = YES_ERROR;
				CLANG_WARN_DOCUMENTATION_COMMENTS = YES;
				CLANG_WARN_EMPTY_BODY = YES;
				CLANG_WARN_ENUM_CONVERSION = YES;
				CLANG_WARN_INFINITE_RECURSION = YES;
				CLANG_WARN_INT_CONVERSION = YES;
				CLANG_WARN_NON_LITERAL_NULL_CONVERSION = YES;
				CLANG_WARN_OBJC_IMPLICIT_RETAIN_SELF = YES;
				CLANG_WARN_OBJC_LITERAL_CONVERSION = YES;
				CLANG_WARN_OBJC_ROOT_CLASS = YES_ERROR;
				CLANG_WARN_RANGE_LOOP_ANALYSIS = YES;
				CLANG_WARN_STRICT_PROTOTYPES = YES;
				CLANG_WARN_SUSPICIOUS_MOVE = YES;
				CLANG_WARN_UNGUARDED_AVAILABILITY = YES_AGGRESSIVE;
				CLANG_WARN_UNREACHABLE_CODE = YES;
				CLANG_WARN__DUPLICATE_METHOD_MATCH = YES;
				CODE_SIGN_IDENTITY = "iPhone Developer";
				COPY_PHASE_STRIP = NO;
				DEBUG_INFORMATION_FORMAT = "dwarf-with-dsym";
				ENABLE_NS_ASSERTIONS = NO;
				ENABLE_STRICT_OBJC_MSGSEND = YES;
				GCC_C_LANGUAGE_STANDARD = gnu11;
				GCC_NO_COMMON_BLOCKS = YES;
				GCC_WARN_64_TO_32_BIT_CONVERSION = YES;
				GCC_WARN_ABOUT_RETURN_TYPE = YES_ERROR;
				GCC_WARN_UNDECLARED_SELECTOR = YES;
				GCC_WARN_UNINITIALIZED_AUTOS = YES_AGGRESSIVE;
				GCC_WARN_UNUSED_FUNCTION = YES;
				GCC_WARN_UNUSED_VARIABLE = YES;
				IPHONEOS_DEPLOYMENT_TARGET = 12.4;
				MTL_ENABLE_DEBUG_INFO = NO;
				MTL_FAST_MATH = YES;
				SDKROOT = iphoneos;
				SWIFT_COMPILATION_MODE = wholemodule;
				SWIFT_OPTIMIZATION_LEVEL = "-O";
				VALIDATE_PRODUCT = YES;
			};
			name = Release;
		};
		F64131CC231EE5BA00ED25F5 /* Debug */ = {
			isa = XCBuildConfiguration;
			buildSettings = {
				ASSETCATALOG_COMPILER_APPICON_NAME = AppIcon;
				CODE_SIGN_STYLE = Automatic;
				DEVELOPMENT_TEAM = RYT7ZAW62J;
				INFOPLIST_FILE = HW_13/Info.plist;
				LD_RUNPATH_SEARCH_PATHS = (
					"$(inherited)",
					"@executable_path/Frameworks",
				);
				PRODUCT_BUNDLE_IDENTIFIER = "-23.HW-13";
				PRODUCT_NAME = "$(TARGET_NAME)";
				SWIFT_VERSION = 5.0;
				TARGETED_DEVICE_FAMILY = "1,2";
			};
			name = Debug;
		};
		F64131CD231EE5BA00ED25F5 /* Release */ = {
			isa = XCBuildConfiguration;
			buildSettings = {
				ASSETCATALOG_COMPILER_APPICON_NAME = AppIcon;
				CODE_SIGN_STYLE = Automatic;
				DEVELOPMENT_TEAM = RYT7ZAW62J;
				INFOPLIST_FILE = HW_13/Info.plist;
				LD_RUNPATH_SEARCH_PATHS = (
					"$(inherited)",
					"@executable_path/Frameworks",
				);
				PRODUCT_BUNDLE_IDENTIFIER = "-23.HW-13";
				PRODUCT_NAME = "$(TARGET_NAME)";
				SWIFT_VERSION = 5.0;
				TARGETED_DEVICE_FAMILY = "1,2";
			};
			name = Release;
		};
/* End XCBuildConfiguration section */

/* Begin XCConfigurationList section */
		F64131B1231EE5B900ED25F5 /* Build configuration list for PBXProject "HW_13" */ = {
			isa = XCConfigurationList;
			buildConfigurations = (
				F64131C9231EE5BA00ED25F5 /* Debug */,
				F64131CA231EE5BA00ED25F5 /* Release */,
			);
			defaultConfigurationIsVisible = 0;
			defaultConfigurationName = Release;
		};
		F64131CB231EE5BA00ED25F5 /* Build configuration list for PBXNativeTarget "HW_13" */ = {
			isa = XCConfigurationList;
			buildConfigurations = (
				F64131CC231EE5BA00ED25F5 /* Debug */,
				F64131CD231EE5BA00ED25F5 /* Release */,
			);
			defaultConfigurationIsVisible = 0;
			defaultConfigurationName = Release;
		};
/* End XCConfigurationList section */

/* Begin XCVersionGroup section */
		F64131C0231EE5B900ED25F5 /* HW_13.xcdatamodeld */ = {
			isa = XCVersionGroup;
			children = (
				F64131C1231EE5B900ED25F5 /* HW_13.xcdatamodel */,
			);
			currentVersion = F64131C1231EE5B900ED25F5 /* HW_13.xcdatamodel */;
			path = HW_13.xcdatamodeld;
			sourceTree = "<group>";
			versionGroupType = wrapper.xcdatamodel;
		};
/* End XCVersionGroup section */
	};
	rootObject = F64131AE231EE5B900ED25F5 /* Project object */;
}
